{
  "name": "webharness",
  "lockfileVersion": 3,
  "requires": true,
  "packages": {
    "": {
      "dependencies": {
        "intro.js": "^7.2.0",
        "sweetalert2": "^11.17.2",
        "sweetalert2-react-content": "^5.1.0"
      }
    },
    "node_modules/intro.js": {
      "version": "7.2.0",
      "resolved": "https://registry.npmjs.org/intro.js/-/intro.js-7.2.0.tgz",
      "integrity": "sha512-qbMfaB70rOXVBceIWNYnYTpVTiZsvQh/MIkfdQbpA9di9VBfj1GigUPfcCv3aOfsbrtPcri8vTLTA4FcEDcHSQ==",
      "license": "AGPL-3.0"
    },
    "node_modules/react": {
      "version": "19.0.0",
      "resolved": "https://registry.npmjs.org/react/-/react-19.0.0.tgz",
      "integrity": "sha512-V8AVnmPIICiWpGfm6GLzCR/W5FXLchHop40W4nXBmdlEceh16rCN8O8LNWm5bh5XUX91fh7KpA+W0TgMKmgTpQ==",
      "license": "MIT",
      "peer": true,
      "engines": {
        "node": ">=0.10.0"
      }
    },
    "node_modules/react-dom": {
      "version": "19.0.0",
      "resolved": "https://registry.npmjs.org/react-dom/-/react-dom-19.0.0.tgz",
      "integrity": "sha512-4GV5sHFG0e/0AD4X+ySy6UJd3jVl1iNsNHdpad0qhABJ11twS3TTBnseqsKurKcsNqCEFeGL3uLpVChpIO3QfQ==",
      "license": "MIT",
      "peer": true,
      "dependencies": {
        "scheduler": "^0.25.0"
      },
      "peerDependencies": {
        "react": "^19.0.0"
      }
    },
    "node_modules/scheduler": {
      "version": "0.25.0",
      "resolved": "https://registry.npmjs.org/scheduler/-/scheduler-0.25.0.tgz",
      "integrity": "sha512-xFVuu11jh+xcO7JOAGJNOXld8/TcEHK/4CituBUeUb5hqxJLj9YuemAEuvm9gQ/+pgXYfbQuqAkiYu+u7YEsNA==",
      "license": "MIT",
      "peer": true
    },
    "node_modules/sweetalert2": {
      "version": "11.17.2",
      "resolved": "https://registry.npmjs.org/sweetalert2/-/sweetalert2-11.17.2.tgz",
      "integrity": "sha512-HKxDr1IyV3Lxr3W6sb61qm/p2epFIEdr5EKwteRFHnIg6f8nHFl2kX++DBVz16Mac+fFiU3hMpjq1L6yE2Ge5w==",
      "license": "MIT",
      "funding": {
        "type": "individual",
        "url": "https://github.com/sponsors/limonte"
      }
    },
    "node_modules/sweetalert2-react-content": {
      "version": "5.1.0",
      "resolved": "https://registry.npmjs.org/sweetalert2-react-content/-/sweetalert2-react-content-5.1.0.tgz",
      "integrity": "sha512-SBh41SdyHDY9NzwrIG6LACbClCMxIlEFP86tGVr/B4zGD4H2gGXB8o7UAJRc/RtBd/iQL9hIvuCAkrk0AgKEMA==",
      "license": "MIT",
      "peerDependencies": {
        "react": "^18.0.0 || ^19.0.0",
        "react-dom": "^18.0.0 || ^19.0.0",
        "sweetalert2": "^11.0.0"
      }
    }
  }
}
